
Microsoft Visual Studio Solution File, Format Version 12.00
# Visual Studio Version 17
VisualStudioVersion = 17.8.34322.80
MinimumVisualStudioVersion = 10.0.40219.1
Project("{FAE04EC0-301F-11D3-BF4B-00C04F79EFBC}") = "LoginMVVM", "LoginMVVM\LoginMVVM.csproj", "{D9A9A15B-22C5-448B-ACE3-B51F1C4427AB}"
EndProject
Global
	GlobalSection(SolutionConfigurationPlatforms) = preSolution
		Debug|Any CPU = Debug|Any CPU
		Release|Any CPU = Release|Any CPU
	EndGlobalSection
	GlobalSection(ProjectConfigurationPlatforms) = postSolution
		{D9A9A15B-22C5-448B-ACE3-B51F1C4427AB}.Debug|Any CPU.ActiveCfg = Debug|Any CPU
		{D9A9A15B-22C5-448B-ACE3-B51F1C4427AB}.Debug|Any CPU.Build.0 = Debug|Any CPU
		{D9A9A15B-22C5-448B-ACE3-B51F1C4427AB}.Debug|Any CPU.Deploy.0 = Debug|Any CPU
		{D9A9A15B-22C5-448B-ACE3-B51F1C4427AB}.Release|Any CPU.ActiveCfg = Release|Any CPU
		{D9A9A15B-22C5-448B-ACE3-B51F1C4427AB}.Release|Any CPU.Build.0 = Release|Any CPU
		{D9A9A15B-22C5-448B-ACE3-B51F1C4427AB}.Release|Any CPU.Deploy.0 = Release|Any CPU
	EndGlobalSection
	GlobalSection(SolutionProperties) = preSolution
		HideSolutionNode = FALSE
	EndGlobalSection
	GlobalSection(ExtensibilityGlobals) = postSolution
		SolutionGuid = {1E8EF9E5-145C-4322-8E96-AB1C1D4C5AD8}
	EndGlobalSection
EndGlobal
